
Microsoft Visual Studio Solution File, Format Version 12.00
# Visual Studio Version 16
VisualStudioVersion = 16.0.30503.244
MinimumVisualStudioVersion = 10.0.40219.1
Project("{9A19103F-16F7-4668-BE54-9A1E7A4F7556}") = "MovieRecommender", "MovieRecommender\MovieRecommender.csproj", "{41487607-566F-41EE-9039-EFDE05225333}"
EndProject
Project("{9A19103F-16F7-4668-BE54-9A1E7A4F7556}") = "MovieRecommenderConsumer", "MovieRecommenderConsumer\MovieRecommenderConsumer.csproj", "{BDEC91CE-A267-49C4-87E0-EFD8BD3B4037}"
EndProject
Project("{FAE04EC0-301F-11D3-BF4B-00C04F79EFBC}") = "MovieRecommenderBot", "MovieRecommenderBot\MovieRecommenderBot.csproj", "{C1E2A66D-855C-4DCB-B9B5-1BB3B89CDA19}"
EndProject
Global
	GlobalSection(SolutionConfigurationPlatforms) = preSolution
		Debug|Any CPU = Debug|Any CPU
		Release|Any CPU = Release|Any CPU
	EndGlobalSection
	GlobalSection(ProjectConfigurationPlatforms) = postSolution
		{41487607-566F-41EE-9039-EFDE05225333}.Debug|Any CPU.ActiveCfg = Debug|Any CPU
		{41487607-566F-41EE-9039-EFDE05225333}.Debug|Any CPU.Build.0 = Debug|Any CPU
		{41487607-566F-41EE-9039-EFDE05225333}.Release|Any CPU.ActiveCfg = Release|Any CPU
		{41487607-566F-41EE-9039-EFDE05225333}.Release|Any CPU.Build.0 = Release|Any CPU
		{BDEC91CE-A267-49C4-87E0-EFD8BD3B4037}.Debug|Any CPU.ActiveCfg = Debug|Any CPU
		{BDEC91CE-A267-49C4-87E0-EFD8BD3B4037}.Debug|Any CPU.Build.0 = Debug|Any CPU
		{BDEC91CE-A267-49C4-87E0-EFD8BD3B4037}.Release|Any CPU.ActiveCfg = Release|Any CPU
		{BDEC91CE-A267-49C4-87E0-EFD8BD3B4037}.Release|Any CPU.Build.0 = Release|Any CPU
		{C1E2A66D-855C-4DCB-B9B5-1BB3B89CDA19}.Debug|Any CPU.ActiveCfg = Debug|Any CPU
		{C1E2A66D-855C-4DCB-B9B5-1BB3B89CDA19}.Debug|Any CPU.Build.0 = Debug|Any CPU
		{C1E2A66D-855C-4DCB-B9B5-1BB3B89CDA19}.Release|Any CPU.ActiveCfg = Release|Any CPU
		{C1E2A66D-855C-4DCB-B9B5-1BB3B89CDA19}.Release|Any CPU.Build.0 = Release|Any CPU
	EndGlobalSection
	GlobalSection(SolutionProperties) = preSolution
		HideSolutionNode = FALSE
	EndGlobalSection
	GlobalSection(ExtensibilityGlobals) = postSolution
		SolutionGuid = {24BB4A63-3137-4529-A3D0-FFD2B57A9628}
	EndGlobalSection
EndGlobal
